// !$*UTF8*$!
{
	archiveVersion = 1;
	classes = {
	};
	objectVersion = 50;
	objects = {

/* Begin PBXBuildFile section */
		517054C722D72EC300D6C7BA /* AppDelegate.swift in Sources */ = {isa = PBXBuildFile; fileRef = 517054C622D72EC300D6C7BA /* AppDelegate.swift */; };
		517054C922D72EC300D6C7BA /* ViewController.swift in Sources */ = {isa = PBXBuildFile; fileRef = 517054C822D72EC300D6C7BA /* ViewController.swift */; };
		517054CC22D72EC300D6C7BA /* Main.storyboard in Resources */ = {isa = PBXBuildFile; fileRef = 517054CA22D72EC300D6C7BA /* Main.storyboard */; };
		517054CE22D72EC400D6C7BA /* Assets.xcassets in Resources */ = {isa = PBXBuildFile; fileRef = 517054CD22D72EC400D6C7BA /* Assets.xcassets */; };
		517054D122D72EC400D6C7BA /* LaunchScreen.storyboard in Resources */ = {isa = PBXBuildFile; fileRef = 517054CF22D72EC400D6C7BA /* LaunchScreen.storyboard */; };
		517054D922D735EC00D6C7BA /* SecondViewController.swift in Sources */ = {isa = PBXBuildFile; fileRef = 517054D822D735EC00D6C7BA /* SecondViewController.swift */; };
		517054DB22D73C7900D6C7BA /* TreeViewController.swift in Sources */ = {isa = PBXBuildFile; fileRef = 517054DA22D73C7900D6C7BA /* TreeViewController.swift */; };
/* End PBXBuildFile section */

/* Begin PBXFileReference section */
		517054C322D72EC300D6C7BA /* AccelometerTest.app */ = {isa = PBXFileReference; explicitFileType = wrapper.application; includeInIndex = 0; path = AccelometerTest.app; sourceTree = BUILT_PRODUCTS_DIR; };
		517054C622D72EC300D6C7BA /* AppDelegate.swift */ = {isa = PBXFileReference; lastKnownFileType = sourcecode.swift; path = AppDelegate.swift; sourceTree = "<group>"; };
		517054C822D72EC300D6C7BA /* ViewController.swift */ = {isa = PBXFileReference; lastKnownFileType = sourcecode.swift; path = ViewController.swift; sourceTree = "<group>"; };
		517054CB22D72EC300D6C7BA /* Base */ = {isa = PBXFileReference; lastKnownFileType = file.storyboard; name = Base; path = Base.lproj/Main.storyboard; sourceTree = "<group>"; };
		517054CD22D72EC400D6C7BA /* Assets.xcassets */ = {isa = PBXFileReference; lastKnownFileType = folder.assetcatalog; path = Assets.xcassets; sourceTree = "<group>"; };
		517054D022D72EC400D6C7BA /* Base */ = {isa = PBXFileReference; lastKnownFileType = file.storyboard; name = Base; path = Base.lproj/LaunchScreen.storyboard; sourceTree = "<group>"; };
		517054D222D72EC400D6C7BA /* Info.plist */ = {isa = PBXFileReference; lastKnownFileType = text.plist.xml; path = Info.plist; sourceTree = "<group>"; };
		517054D822D735EC00D6C7BA /* SecondViewController.swift */ = {isa = PBXFileReference; lastKnownFileType = sourcecode.swift; path = SecondViewController.swift; sourceTree = "<group>"; };
		517054DA22D73C7900D6C7BA /* TreeViewController.swift */ = {isa = PBXFileReference; lastKnownFileType = sourcecode.swift; path = TreeViewController.swift; sourceTree = "<group>"; };
/* End PBXFileReference section */

/* Begin PBXFrameworksBuildPhase section */
		517054C022D72EC300D6C7BA /* Frameworks */ = {
			isa = PBXFrameworksBuildPhase;
			buildActionMask = 2147483647;
			files = (
			);
			runOnlyForDeploymentPostprocessing = 0;
		};
/* End PBXFrameworksBuildPhase section */

/* Begin PBXGroup section */
		517054BA22D72EC300D6C7BA = {
			isa = PBXGroup;
			children = (
				517054C522D72EC300D6C7BA /* AccelometerTest */,
				517054C422D72EC300D6C7BA /* Products */,
			);
			sourceTree = "<group>";
		};
		517054C422D72EC300D6C7BA /* Products */ = {
			isa = PBXGroup;
			children = (
				517054C322D72EC300D6C7BA /* AccelometerTest.app */,
			);
			name = Products;
			sourceTree = "<group>";
		};
		517054C522D72EC300D6C7BA /* AccelometerTest */ = {
			isa = PBXGroup;
			children = (
				517054C622D72EC300D6C7BA /* AppDelegate.swift */,
				517054C822D72EC300D6C7BA /* ViewController.swift */,
				517054D822D735EC00D6C7BA /* SecondViewController.swift */,
				517054DA22D73C7900D6C7BA /* TreeViewController.swift */,
				517054CA22D72EC300D6C7BA /* Main.storyboard */,
				517054CD22D72EC400D6C7BA /* Assets.xcassets */,
				517054CF22D72EC400D6C7BA /* LaunchScreen.storyboard */,
				517054D222D72EC400D6C7BA /* Info.plist */,
			);
			path = AccelometerTest;
			sourceTree = "<group>";
		};
/* End PBXGroup section */

/* Begin PBXNativeTarget section */
		517054C222D72EC300D6C7BA /* AccelometerTest */ = {
			isa = PBXNativeTarget;
			buildConfigurationList = 517054D522D72EC400D6C7BA /* Build configuration list for PBXNativeTarget "AccelometerTest" */;
			buildPhases = (
				517054BF22D72EC300D6C7BA /* Sources */,
				517054C022D72EC300D6C7BA /* Frameworks */,
				517054C122D72EC300D6C7BA /* Resources */,
			);
			buildRules = (
			);
			dependencies = (
			);
			name = AccelometerTest;
			productName = AccelometerTest;
			productReference = 517054C322D72EC300D6C7BA /* AccelometerTest.app */;
			productType = "com.apple.product-type.application";
		};
/* End PBXNativeTarget section */

/* Begin PBXProject section */
		517054BB22D72EC300D6C7BA /* Project object */ = {
			isa = PBXProject;
			attributes = {
				LastSwiftUpdateCheck = 1020;
				LastUpgradeCheck = 1020;
				ORGANIZATIONNAME = "Nova Arisma";
				TargetAttributes = {
					517054C222D72EC300D6C7BA = {
						CreatedOnToolsVersion = 10.2.1;
					};
				};
			};
			buildConfigurationList = 517054BE22D72EC300D6C7BA /* Build configuration list for PBXProject "AccelometerTest" */;
			compatibilityVersion = "Xcode 9.3";
			developmentRegion = en;
			hasScannedForEncodings = 0;
			knownRegions = (
				en,
				Base,
			);
			mainGroup = 517054BA22D72EC300D6C7BA;
			productRefGroup = 517054C422D72EC300D6C7BA /* Products */;
			projectDirPath = "";
			projectRoot = "";
			targets = (
				517054C222D72EC300D6C7BA /* AccelometerTest */,
			);
		};
/* End PBXProject section */

/* Begin PBXResourcesBuildPhase section */
		517054C122D72EC300D6C7BA /* Resources */ = {
			isa = PBXResourcesBuildPhase;
			buildActionMask = 2147483647;
			files = (
				517054D122D72EC400D6C7BA /* LaunchScreen.storyboard in Resources */,
				517054CE22D72EC400D6C7BA /* Assets.xcassets in Resources */,
				517054CC22D72EC300D6C7BA /* Main.storyboard in Resources */,
			);
			runOnlyForDeploymentPostprocessing = 0;
		};
/* End PBXResourcesBuildPhase section */

/* Begin PBXSourcesBuildPhase section */
		517054BF22D72EC300D6C7BA /* Sources */ = {
			isa = PBXSourcesBuildPhase;
			buildActionMask = 2147483647;
			files = (
				517054D922D735EC00D6C7BA /* SecondViewController.swift in Sources */,
				517054C922D72EC300D6C7BA /* ViewController.swift in Sources */,
				517054DB22D73C7900D6C7BA /* TreeViewController.swift in Sources */,
				517054C722D72EC300D6C7BA /* AppDelegate.swift in Sources */,
			);
			runOnlyForDeploymentPostprocessing = 0;
		};
/* End PBXSourcesBuildPhase section */

/* Begin PBXVariantGroup section */
		517054CA22D72EC300D6C7BA /* Main.storyboard */ = {
			isa = PBXVariantGroup;
			children = (
				517054CB22D72EC300D6C7BA /* Base */,
			);
			name = Main.storyboard;
			sourceTree = "<group>";
		};
		517054CF22D72EC400D6C7BA /* LaunchScreen.storyboard */ = {
			isa = PBXVariantGroup;
			children = (
				517054D022D72EC400D6C7BA /* Base */,
			);
			name = LaunchScreen.storyboard;
			sourceTree = "<group>";
		};
/* End PBXVariantGroup section */

/* Begin XCBuildConfiguration section */
		517054D322D72EC400D6C7BA /* Debug */ = {
			isa = XCBuildConfiguration;
			buildSettings = {
				ALWAYS_SEARCH_USER_PATHS = NO;
				CLANG_ANALYZER_NONNULL = YES;
				CLANG_ANALYZER_NUMBER_OBJECT_CONVERSION = YES_AGGRESSIVE;
				CLANG_CXX_LANGUAGE_STANDARD = "gnu++14";
				CLANG_CXX_LIBRARY = "libc++";
				CLANG_ENABLE_MODULES = YES;
				CLANG_ENABLE_OBJC_ARC = YES;
				CLANG_ENABLE_OBJC_WEAK = YES;
				CLANG_WARN_BLOCK_CAPTURE_AUTORELEASING = YES;
				CLANG_WARN_BOOL_CONVERSION = YES;
				CLANG_WARN_COMMA = YES;
				CLANG_WARN_CONSTANT_CONVERSION = YES;
				CLANG_WARN_DEPRECATED_OBJC_IMPLEMENTATIONS = YES;
				CLANG_WARN_DIRECT_OBJC_ISA_USAGE = YES_ERROR;
				CLANG_WARN_DOCUMENTATION_COMMENTS = YES;
				CLANG_WARN_EMPTY_BODY = YES;
				CLANG_WARN_ENUM_CONVERSION = YES;
				CLANG_WARN_INFINITE_RECURSION = YES;
				CLANG_WARN_INT_CONVERSION = YES;
				CLANG_WARN_NON_LITERAL_NULL_CONVERSION = YES;
				CLANG_WARN_OBJC_IMPLICIT_RETAIN_SELF = YES;
				CLANG_WARN_OBJC_LITERAL_CONVERSION = YES;
				CLANG_WARN_OBJC_ROOT_CLASS = YES_ERROR;
				CLANG_WARN_RANGE_LOOP_ANALYSIS = YES;
				CLANG_WARN_STRICT_PROTOTYPES = YES;
				CLANG_WARN_SUSPICIOUS_MOVE = YES;
				CLANG_WARN_UNGUARDED_AVAILABILITY = YES_AGGRESSIVE;
				CLANG_WARN_UNREACHABLE_CODE = YES;
				CLANG_WARN__DUPLICATE_METHOD_MATCH = YES;
				CODE_SIGN_IDENTITY = "iPhone Developer";
				COPY_PHASE_STRIP = NO;
				DEBUG_INFORMATION_FORMAT = dwarf;
				ENABLE_STRICT_OBJC_MSGSEND = YES;
				ENABLE_TESTABILITY = YES;
				GCC_C_LANGUAGE_STANDARD = gnu11;
				GCC_DYNAMIC_NO_PIC = NO;
				GCC_NO_COMMON_BLOCKS = YES;
				GCC_OPTIMIZATION_LEVEL = 0;
				GCC_PREPROCESSOR_DEFINITIONS = (
					"DEBUG=1",
					"$(inherited)",
				);
				GCC_WARN_64_TO_32_BIT_CONVERSION = YES;
				GCC_WARN_ABOUT_RETURN_TYPE = YES_ERROR;
				GCC_WARN_UNDECLARED_SELECTOR = YES;
				GCC_WARN_UNINITIALIZED_AUTOS = YES_AGGRESSIVE;
				GCC_WARN_UNUSED_FUNCTION = YES;
				GCC_WARN_UNUSED_VARIABLE = YES;
				IPHONEOS_DEPLOYMENT_TARGET = 12.2;
				MTL_ENABLE_DEBUG_INFO = INCLUDE_SOURCE;
				MTL_FAST_MATH = YES;
				ONLY_ACTIVE_ARCH = YES;
				SDKROOT = iphoneos;
				SWIFT_ACTIVE_COMPILATION_CONDITIONS = DEBUG;
				SWIFT_OPTIMIZATION_LEVEL = "-Onone";
			};
			name = Debug;
		};
		517054D422D72EC400D6C7BA /* Release */ = {
			isa = XCBuildConfiguration;
			buildSettings = {
				ALWAYS_SEARCH_USER_PATHS = NO;
				CLANG_ANALYZER_NONNULL = YES;
				CLANG_ANALYZER_NUMBER_OBJECT_CONVERSION = YES_AGGRESSIVE;
				CLANG_CXX_LANGUAGE_STANDARD = "gnu++14";
				CLANG_CXX_LIBRARY = "libc++";
				CLANG_ENABLE_MODULES = YES;
				CLANG_ENABLE_OBJC_ARC = YES;
				CLANG_ENABLE_OBJC_WEAK = YES;
				CLANG_WARN_BLOCK_CAPTURE_AUTORELEASING = YES;
				CLANG_WARN_BOOL_CONVERSION = YES;
				CLANG_WARN_COMMA = YES;
				CLANG_WARN_CONSTANT_CONVERSION = YES;
				CLANG_WARN_DEPRECATED_OBJC_IMPLEMENTATIONS = YES;
				CLANG_WARN_DIRECT_OBJC_ISA_USAGE = YES_ERROR;
				CLANG_WARN_DOCUMENTATION_COMMENTS = YES;
				CLANG_WARN_EMPTY_BODY = YES;
				CLANG_WARN_ENUM_CONVERSION = YES;
				CLANG_WARN_INFINITE_RECURSION = YES;
				CLANG_WARN_INT_CONVERSION = YES;
				CLANG_WARN_NON_LITERAL_NULL_CONVERSION = YES;
				CLANG_WARN_OBJC_IMPLICIT_RETAIN_SELF = YES;
				CLANG_WARN_OBJC_LITERAL_CONVERSION = YES;
				CLANG_WARN_OBJC_ROOT_CLASS = YES_ERROR;
				CLANG_WARN_RANGE_LOOP_ANALYSIS = YES;
				CLANG_WARN_STRICT_PROTOTYPES = YES;
				CLANG_WARN_SUSPICIOUS_MOVE = YES;
				CLANG_WARN_UNGUARDED_AVAILABILITY = YES_AGGRESSIVE;
				CLANG_WARN_UNREACHABLE_CODE = YES;
				CLANG_WARN__DUPLICATE_METHOD_MATCH = YES;
				CODE_SIGN_IDENTITY = "iPhone Developer";
				COPY_PHASE_STRIP = NO;
				DEBUG_INFORMATION_FORMAT = "dwarf-with-dsym";
				ENABLE_NS_ASSERTIONS = NO;
				ENABLE_STRICT_OBJC_MSGSEND = YES;
				GCC_C_LANGUAGE_STANDARD = gnu11;
				GCC_NO_COMMON_BLOCKS = YES;
				GCC_WARN_64_TO_32_BIT_CONVERSION = YES;
				GCC_WARN_ABOUT_RETURN_TYPE = YES_ERROR;
				GCC_WARN_UNDECLARED_SELECTOR = YES;
				GCC_WARN_UNINITIALIZED_AUTOS = YES_AGGRESSIVE;
				GCC_WARN_UNUSED_FUNCTION = YES;
				GCC_WARN_UNUSED_VARIABLE = YES;
				IPHONEOS_DEPLOYMENT_TARGET = 12.2;
				MTL_ENABLE_DEBUG_INFO = NO;
				MTL_FAST_MATH = YES;
				SDKROOT = iphoneos;
				SWIFT_COMPILATION_MODE = wholemodule;
				SWIFT_OPTIMIZATION_LEVEL = "-O";
				VALIDATE_PRODUCT = YES;
			};
			name = Release;
		};
		517054D622D72EC400D6C7BA /* Debug */ = {
			isa = XCBuildConfiguration;
			buildSettings = {
				ASSETCATALOG_COMPILER_APPICON_NAME = AppIcon;
				CODE_SIGN_STYLE = Automatic;
				DEVELOPMENT_TEAM = Y6FVCC3X3F;
				INFOPLIST_FILE = AccelometerTest/Info.plist;
				LD_RUNPATH_SEARCH_PATHS = (
					"$(inherited)",
					"@executable_path/Frameworks",
				);
				PRODUCT_BUNDLE_IDENTIFIER = Tester.AccelometerTest;
				PRODUCT_NAME = "$(TARGET_NAME)";
				SWIFT_VERSION = 5.0;
				TARGETED_DEVICE_FAMILY = "1,2";
			};
			name = Debug;
		};
		517054D722D72EC400D6C7BA /* Release */ = {
			isa = XCBuildConfiguration;
			buildSettings = {
				ASSETCATALOG_COMPILER_APPICON_NAME = AppIcon;
				CODE_SIGN_STYLE = Automatic;
				DEVELOPMENT_TEAM = Y6FVCC3X3F;
				INFOPLIST_FILE = AccelometerTest/Info.plist;
				LD_RUNPATH_SEARCH_PATHS = (
					"$(inherited)",
					"@executable_path/Frameworks",
				);
				PRODUCT_BUNDLE_IDENTIFIER = Tester.AccelometerTest;
				PRODUCT_NAME = "$(TARGET_NAME)";
				SWIFT_VERSION = 5.0;
				TARGETED_DEVICE_FAMILY = "1,2";
			};
			name = Release;
		};
/* End XCBuildConfiguration section */

/* Begin XCConfigurationList section */
		517054BE22D72EC300D6C7BA /* Build configuration list for PBXProject "AccelometerTest" */ = {
			isa = XCConfigurationList;
			buildConfigurations = (
				517054D322D72EC400D6C7BA /* Debug */,
				517054D422D72EC400D6C7BA /* Release */,
			);
			defaultConfigurationIsVisible = 0;
			defaultConfigurationName = Release;
		};
		517054D522D72EC400D6C7BA /* Build configuration list for PBXNativeTarget "AccelometerTest" */ = {
			isa = XCConfigurationList;
			buildConfigurations = (
				517054D622D72EC400D6C7BA /* Debug */,
				517054D722D72EC400D6C7BA /* Release */,
			);
			defaultConfigurationIsVisible = 0;
			defaultConfigurationName = Release;
		};
/* End XCConfigurationList section */
	};
	rootObject = 517054BB22D72EC300D6C7BA /* Project object */;
}
